
Microsoft Visual Studio Solution File, Format Version 12.00
# Visual Studio Version 17
VisualStudioVersion = 17.14.35906.104 d17.14
MinimumVisualStudioVersion = 10.0.40219.1
Project("{FAE04EC0-301F-11D3-BF4B-00C04F79EFBC}") = "Nexus_Service_Marketing", "Nexus_Service_Marketing\Nexus_Service_Marketing.csproj", "{AF2434C1-FDC7-4AC0-A5B9-B5F4BD7C8575}"
EndProject
Global
	GlobalSection(SolutionConfigurationPlatforms) = preSolution
		Debug|Any CPU = Debug|Any CPU
		Release|Any CPU = Release|Any CPU
	EndGlobalSection
	GlobalSection(ProjectConfigurationPlatforms) = postSolution
		{AF2434C1-FDC7-4AC0-A5B9-B5F4BD7C8575}.Debug|Any CPU.ActiveCfg = Debug|Any CPU
		{AF2434C1-FDC7-4AC0-A5B9-B5F4BD7C8575}.Debug|Any CPU.Build.0 = Debug|Any CPU
		{AF2434C1-FDC7-4AC0-A5B9-B5F4BD7C8575}.Release|Any CPU.ActiveCfg = Release|Any CPU
		{AF2434C1-FDC7-4AC0-A5B9-B5F4BD7C8575}.Release|Any CPU.Build.0 = Release|Any CPU
	EndGlobalSection
	GlobalSection(SolutionProperties) = preSolution
		HideSolutionNode = FALSE
	EndGlobalSection
	GlobalSection(ExtensibilityGlobals) = postSolution
		SolutionGuid = {B96E2B1E-5FD5-419D-AB75-6BDDE8533E6C}
	EndGlobalSection
EndGlobal
